
Microsoft Visual Studio Solution File, Format Version 12.00
# Visual Studio Version 16
VisualStudioVersion = 16.0.33027.164
MinimumVisualStudioVersion = 10.0.40219.1
Project("{9A19103F-16F7-4668-BE54-9A1E7A4F7556}") = "Phonebook", "Phonebook.csproj", "{4F856A8D-0D7F-46E0-A87F-D669AB4619EB}"
EndProject
Project("{FAE04EC0-301F-11D3-BF4B-00C04F79EFBC}") = "Contacts.EntityFramework", "..\Contacts.EntityFramework\Contacts.EntityFramework.csproj", "{28269ABD-22B4-4035-998D-851F61785FFC}"
EndProject
Project("{FAE04EC0-301F-11D3-BF4B-00C04F79EFBC}") = "Contacts.Domain", "..\Contacts.Domain\Contacts.Domain.csproj", "{38020031-72AA-4464-A676-C52C2B82CA15}"
EndProject
Global
	GlobalSection(SolutionConfigurationPlatforms) = preSolution
		Debug|Any CPU = Debug|Any CPU
		Release|Any CPU = Release|Any CPU
	EndGlobalSection
	GlobalSection(ProjectConfigurationPlatforms) = postSolution
		{4F856A8D-0D7F-46E0-A87F-D669AB4619EB}.Debug|Any CPU.ActiveCfg = Debug|Any CPU
		{4F856A8D-0D7F-46E0-A87F-D669AB4619EB}.Debug|Any CPU.Build.0 = Debug|Any CPU
		{4F856A8D-0D7F-46E0-A87F-D669AB4619EB}.Release|Any CPU.ActiveCfg = Release|Any CPU
		{4F856A8D-0D7F-46E0-A87F-D669AB4619EB}.Release|Any CPU.Build.0 = Release|Any CPU
		{28269ABD-22B4-4035-998D-851F61785FFC}.Debug|Any CPU.ActiveCfg = Debug|Any CPU
		{28269ABD-22B4-4035-998D-851F61785FFC}.Debug|Any CPU.Build.0 = Debug|Any CPU
		{28269ABD-22B4-4035-998D-851F61785FFC}.Release|Any CPU.ActiveCfg = Release|Any CPU
		{28269ABD-22B4-4035-998D-851F61785FFC}.Release|Any CPU.Build.0 = Release|Any CPU
		{38020031-72AA-4464-A676-C52C2B82CA15}.Debug|Any CPU.ActiveCfg = Debug|Any CPU
		{38020031-72AA-4464-A676-C52C2B82CA15}.Debug|Any CPU.Build.0 = Debug|Any CPU
		{38020031-72AA-4464-A676-C52C2B82CA15}.Release|Any CPU.ActiveCfg = Release|Any CPU
		{38020031-72AA-4464-A676-C52C2B82CA15}.Release|Any CPU.Build.0 = Release|Any CPU
	EndGlobalSection
	GlobalSection(SolutionProperties) = preSolution
		HideSolutionNode = FALSE
	EndGlobalSection
	GlobalSection(ExtensibilityGlobals) = postSolution
		SolutionGuid = {F7F2392E-9EFC-43CB-93C9-01F680C1D6F4}
	EndGlobalSection
EndGlobal
